Microsoft Visual Studio Solution File, Format Version 12.00
# Visual Studio 2012
Project("{2150E333-8FDC-42A3-9474-1A3956D46DE8}") = "Controls", "Controls", "{38B0B0B9-9F70-46FA-92ED-1837919A9304}"
EndProject
Project("{2150E333-8FDC-42A3-9474-1A3956D46DE8}") = "ClientApp", "ClientApp", "{CA1D9156-9712-4556-A792-10043358D2DC}"
EndProject
Project("{2150E333-8FDC-42A3-9474-1A3956D46DE8}") = "ServerApp", "ServerApp", "{4260535C-53B1-4D90-8FC8-BF2A6EE315C5}"
EndProject
Project("{2150E333-8FDC-42A3-9474-1A3956D46DE8}") = "Tools", "Tools", "{D54AB1E3-B7E7-43A3-AEFD-5A717F7F95D4}"
EndProject
Project("{2150E333-8FDC-42A3-9474-1A3956D46DE8}") = "Base", "Base", "{14DC4F05-9203-438A-A13A-F28CBA4C217A}"
EndProject
Project("{2150E333-8FDC-42A3-9474-1A3956D46DE8}") = "Forms", "Forms", "{F19849EC-DBD1-4A53-B732-0DCA37D8680F}"
EndProject
Project("{FAE04EC0-301F-11D3-BF4B-00C04F79EFBC}") = "ExControls", "System.Windows.Forms.ExControls\ExControls.csproj", "{9768FF46-1509-4B32-9B23-5DB183D8A348}"
EndProject
Project("{FAE04EC0-301F-11D3-BF4B-00C04F79EFBC}") = "HS.UI.Base", "HS.UI.Base\HS.UI.Base.csproj", "{46760E59-4B39-49D7-B64D-48FC7A1CC016}"
EndProject
Project("{FAE04EC0-301F-11D3-BF4B-00C04F79EFBC}") = "HS.UI.Common", "HS.UI.Common\HS.UI.Common.csproj", "{166BE350-1C0E-4D74-92D2-18E456460E94}"
EndProject
Project("{FAE04EC0-301F-11D3-BF4B-00C04F79EFBC}") = "test_project", "test_project\test_project.csproj", "{8FA0F3F9-5BA9-4A9D-BD8F-1751D954934A}"
EndProject
Project("{FAE04EC0-301F-11D3-BF4B-00C04F79EFBC}") = "GenClassForDB", "GenClassForDB\GenClassForDB.csproj", "{AD1289B7-C055-49D0-8888-3043E3552E08}"
EndProject
Project("{FAE04EC0-301F-11D3-BF4B-00C04F79EFBC}") = "HS.UI.Forms.Main", "HS.UI.Forms.Main\HS.UI.Forms.Main.csproj", "{BD1176A3-CDA1-465B-8B94-CB1A98D44697}"
EndProject
Project("{FAE04EC0-301F-11D3-BF4B-00C04F79EFBC}") = "HS.UI.Forms.Systems", "HS.UI.Forms.Systems\HS.UI.Forms.Systems.csproj", "{FF24A0E8-6676-4A7E-B64F-BC8C527B0937}"
EndProject
Project("{FAE04EC0-301F-11D3-BF4B-00C04F79EFBC}") = "HS.Server.IIS", "HS.Server.IIS\HS.Server.IIS.csproj", "{0CAE3061-DBE8-45BD-B79F-4A8A5480A3EC}"
EndProject
Project("{FAE04EC0-301F-11D3-BF4B-00C04F79EFBC}") = "HS.Server.Data", "HS.Server.Data\HS.Server.Data.csproj", "{C5AF919A-87D9-4880-BC61-1BFA80CD02CE}"
EndProject
Project("{FAE04EC0-301F-11D3-BF4B-00C04F79EFBC}") = "HS.Server.Service", "HS.Server.Service\HS.Server.Service.csproj", "{6E2F6623-9D5F-4A6A-B6EB-E2BD5CC5A9D2}"
EndProject
Project("{2150E333-8FDC-42A3-9474-1A3956D46DE8}") = "Service", "Service", "{ADD27191-9E1D-41CD-91C7-55AA236DE8B5}"
EndProject
Project("{FAE04EC0-301F-11D3-BF4B-00C04F79EFBC}") = "HS.Service.Wraper", "HS.Service\HS.Service.Wraper.csproj", "{43FFCB87-9A8C-4493-A0EE-D2421C598E6A}"
EndProject
Project("{FAE04EC0-301F-11D3-BF4B-00C04F79EFBC}") = "HS.Service.Connection", "HS.Service.Connection\HS.Service.Connection.csproj", "{E759D688-3E1D-4DF2-945B-DF6313A8A294}"
EndProject
Project("{FAE04EC0-301F-11D3-BF4B-00C04F79EFBC}") = "HS.Base", "HS.Base\HS.Base.csproj", "{C842CFEC-4E0C-49FF-9239-92948A3139C9}"
EndProject
Project("{FAE04EC0-301F-11D3-BF4B-00C04F79EFBC}") = "HS.Common", "HS.Common\HS.Common.csproj", "{FECE6484-83CE-45B3-B39D-52B7DA46E671}"
EndProject
Project("{2150E333-8FDC-42A3-9474-1A3956D46DE8}") = "Base", "Base", "{DC3BF474-B8C5-4317-8CF8-FC60DED0BF09}"
EndProject
Project("{FAE04EC0-301F-11D3-BF4B-00C04F79EFBC}") = "HS.Server.Data.Entities", "HS.Server.Data.Entities\HS.Server.Data.Entities.csproj", "{B8686937-472E-4D0F-ABD3-606734558358}"
EndProject
Project("{FAE04EC0-301F-11D3-BF4B-00C04F79EFBC}") = "HS.Server.Contracts", "HS.Server.Contracts\HS.Server.Contracts.csproj", "{AC13CC28-1A50-472F-BABB-20695A98C274}"
EndProject
Global
	GlobalSection(SolutionConfigurationPlatforms) = preSolution
		Debug|Any CPU = Debug|Any CPU
		Release|Any CPU = Release|Any CPU
	EndGlobalSection
	GlobalSection(ProjectConfigurationPlatforms) = postSolution
		{9768FF46-1509-4B32-9B23-5DB183D8A348}.Debug|Any CPU.ActiveCfg = Debug|Any CPU
		{9768FF46-1509-4B32-9B23-5DB183D8A348}.Debug|Any CPU.Build.0 = Debug|Any CPU
		{9768FF46-1509-4B32-9B23-5DB183D8A348}.Release|Any CPU.ActiveCfg = Release|Any CPU
		{9768FF46-1509-4B32-9B23-5DB183D8A348}.Release|Any CPU.Build.0 = Release|Any CPU
		{46760E59-4B39-49D7-B64D-48FC7A1CC016}.Debug|Any CPU.ActiveCfg = Debug|Any CPU
		{46760E59-4B39-49D7-B64D-48FC7A1CC016}.Debug|Any CPU.Build.0 = Debug|Any CPU
		{46760E59-4B39-49D7-B64D-48FC7A1CC016}.Release|Any CPU.ActiveCfg = Release|Any CPU
		{46760E59-4B39-49D7-B64D-48FC7A1CC016}.Release|Any CPU.Build.0 = Release|Any CPU
		{166BE350-1C0E-4D74-92D2-18E456460E94}.Debug|Any CPU.ActiveCfg = Debug|Any CPU
		{166BE350-1C0E-4D74-92D2-18E456460E94}.Debug|Any CPU.Build.0 = Debug|Any CPU
		{166BE350-1C0E-4D74-92D2-18E456460E94}.Release|Any CPU.ActiveCfg = Release|Any CPU
		{166BE350-1C0E-4D74-92D2-18E456460E94}.Release|Any CPU.Build.0 = Release|Any CPU
		{8FA0F3F9-5BA9-4A9D-BD8F-1751D954934A}.Debug|Any CPU.ActiveCfg = Debug|Any CPU
		{8FA0F3F9-5BA9-4A9D-BD8F-1751D954934A}.Debug|Any CPU.Build.0 = Debug|Any CPU
		{8FA0F3F9-5BA9-4A9D-BD8F-1751D954934A}.Release|Any CPU.ActiveCfg = Release|Any CPU
		{8FA0F3F9-5BA9-4A9D-BD8F-1751D954934A}.Release|Any CPU.Build.0 = Release|Any CPU
		{AD1289B7-C055-49D0-8888-3043E3552E08}.Debug|Any CPU.ActiveCfg = Debug|Any CPU
		{AD1289B7-C055-49D0-8888-3043E3552E08}.Debug|Any CPU.Build.0 = Debug|Any CPU
		{AD1289B7-C055-49D0-8888-3043E3552E08}.Release|Any CPU.ActiveCfg = Release|Any CPU
		{AD1289B7-C055-49D0-8888-3043E3552E08}.Release|Any CPU.Build.0 = Release|Any CPU
		{BD1176A3-CDA1-465B-8B94-CB1A98D44697}.Debug|Any CPU.ActiveCfg = Debug|Any CPU
		{BD1176A3-CDA1-465B-8B94-CB1A98D44697}.Debug|Any CPU.Build.0 = Debug|Any CPU
		{BD1176A3-CDA1-465B-8B94-CB1A98D44697}.Release|Any CPU.ActiveCfg = Release|Any CPU
		{BD1176A3-CDA1-465B-8B94-CB1A98D44697}.Release|Any CPU.Build.0 = Release|Any CPU
		{FF24A0E8-6676-4A7E-B64F-BC8C527B0937}.Debug|Any CPU.ActiveCfg = Debug|Any CPU
		{FF24A0E8-6676-4A7E-B64F-BC8C527B0937}.Debug|Any CPU.Build.0 = Debug|Any CPU
		{FF24A0E8-6676-4A7E-B64F-BC8C527B0937}.Release|Any CPU.ActiveCfg = Release|Any CPU
		{FF24A0E8-6676-4A7E-B64F-BC8C527B0937}.Release|Any CPU.Build.0 = Release|Any CPU
		{0CAE3061-DBE8-45BD-B79F-4A8A5480A3EC}.Debug|Any CPU.ActiveCfg = Debug|Any CPU
		{0CAE3061-DBE8-45BD-B79F-4A8A5480A3EC}.Debug|Any CPU.Build.0 = Debug|Any CPU
		{0CAE3061-DBE8-45BD-B79F-4A8A5480A3EC}.Release|Any CPU.ActiveCfg = Release|Any CPU
		{0CAE3061-DBE8-45BD-B79F-4A8A5480A3EC}.Release|Any CPU.Build.0 = Release|Any CPU
		{C5AF919A-87D9-4880-BC61-1BFA80CD02CE}.Debug|Any CPU.ActiveCfg = Debug|Any CPU
		{C5AF919A-87D9-4880-BC61-1BFA80CD02CE}.Debug|Any CPU.Build.0 = Debug|Any CPU
		{C5AF919A-87D9-4880-BC61-1BFA80CD02CE}.Release|Any CPU.ActiveCfg = Release|Any CPU
		{C5AF919A-87D9-4880-BC61-1BFA80CD02CE}.Release|Any CPU.Build.0 = Release|Any CPU
		{6E2F6623-9D5F-4A6A-B6EB-E2BD5CC5A9D2}.Debug|Any CPU.ActiveCfg = Debug|Any CPU
		{6E2F6623-9D5F-4A6A-B6EB-E2BD5CC5A9D2}.Debug|Any CPU.Build.0 = Debug|Any CPU
		{6E2F6623-9D5F-4A6A-B6EB-E2BD5CC5A9D2}.Release|Any CPU.ActiveCfg = Release|Any CPU
		{6E2F6623-9D5F-4A6A-B6EB-E2BD5CC5A9D2}.Release|Any CPU.Build.0 = Release|Any CPU
		{43FFCB87-9A8C-4493-A0EE-D2421C598E6A}.Debug|Any CPU.ActiveCfg = Debug|Any CPU
		{43FFCB87-9A8C-4493-A0EE-D2421C598E6A}.Debug|Any CPU.Build.0 = Debug|Any CPU
		{43FFCB87-9A8C-4493-A0EE-D2421C598E6A}.Release|Any CPU.ActiveCfg = Release|Any CPU
		{43FFCB87-9A8C-4493-A0EE-D2421C598E6A}.Release|Any CPU.Build.0 = Release|Any CPU
		{E759D688-3E1D-4DF2-945B-DF6313A8A294}.Debug|Any CPU.ActiveCfg = Debug|Any CPU
		{E759D688-3E1D-4DF2-945B-DF6313A8A294}.Debug|Any CPU.Build.0 = Debug|Any CPU
		{E759D688-3E1D-4DF2-945B-DF6313A8A294}.Release|Any CPU.ActiveCfg = Release|Any CPU
		{E759D688-3E1D-4DF2-945B-DF6313A8A294}.Release|Any CPU.Build.0 = Release|Any CPU
		{C842CFEC-4E0C-49FF-9239-92948A3139C9}.Debug|Any CPU.ActiveCfg = Debug|Any CPU
		{C842CFEC-4E0C-49FF-9239-92948A3139C9}.Debug|Any CPU.Build.0 = Debug|Any CPU
		{C842CFEC-4E0C-49FF-9239-92948A3139C9}.Release|Any CPU.ActiveCfg = Release|Any CPU
		{C842CFEC-4E0C-49FF-9239-92948A3139C9}.Release|Any CPU.Build.0 = Release|Any CPU
		{FECE6484-83CE-45B3-B39D-52B7DA46E671}.Debug|Any CPU.ActiveCfg = Debug|Any CPU
		{FECE6484-83CE-45B3-B39D-52B7DA46E671}.Debug|Any CPU.Build.0 = Debug|Any CPU
		{FECE6484-83CE-45B3-B39D-52B7DA46E671}.Release|Any CPU.ActiveCfg = Release|Any CPU
		{FECE6484-83CE-45B3-B39D-52B7DA46E671}.Release|Any CPU.Build.0 = Release|Any CPU
		{B8686937-472E-4D0F-ABD3-606734558358}.Debug|Any CPU.ActiveCfg = Debug|Any CPU
		{B8686937-472E-4D0F-ABD3-606734558358}.Debug|Any CPU.Build.0 = Debug|Any CPU
		{B8686937-472E-4D0F-ABD3-606734558358}.Release|Any CPU.ActiveCfg = Release|Any CPU
		{B8686937-472E-4D0F-ABD3-606734558358}.Release|Any CPU.Build.0 = Release|Any CPU
		{AC13CC28-1A50-472F-BABB-20695A98C274}.Debug|Any CPU.ActiveCfg = Debug|Any CPU
		{AC13CC28-1A50-472F-BABB-20695A98C274}.Debug|Any CPU.Build.0 = Debug|Any CPU
		{AC13CC28-1A50-472F-BABB-20695A98C274}.Release|Any CPU.ActiveCfg = Release|Any CPU
		{AC13CC28-1A50-472F-BABB-20695A98C274}.Release|Any CPU.Build.0 = Release|Any CPU
	EndGlobalSection
	GlobalSection(SolutionProperties) = preSolution
		HideSolutionNode = FALSE
	EndGlobalSection
	GlobalSection(NestedProjects) = preSolution
		{38B0B0B9-9F70-46FA-92ED-1837919A9304} = {D54AB1E3-B7E7-43A3-AEFD-5A717F7F95D4}
		{AD1289B7-C055-49D0-8888-3043E3552E08} = {D54AB1E3-B7E7-43A3-AEFD-5A717F7F95D4}
		{14DC4F05-9203-438A-A13A-F28CBA4C217A} = {CA1D9156-9712-4556-A792-10043358D2DC}
		{F19849EC-DBD1-4A53-B732-0DCA37D8680F} = {CA1D9156-9712-4556-A792-10043358D2DC}
		{8FA0F3F9-5BA9-4A9D-BD8F-1751D954934A} = {CA1D9156-9712-4556-A792-10043358D2DC}
		{ADD27191-9E1D-41CD-91C7-55AA236DE8B5} = {CA1D9156-9712-4556-A792-10043358D2DC}
		{0CAE3061-DBE8-45BD-B79F-4A8A5480A3EC} = {4260535C-53B1-4D90-8FC8-BF2A6EE315C5}
		{C5AF919A-87D9-4880-BC61-1BFA80CD02CE} = {4260535C-53B1-4D90-8FC8-BF2A6EE315C5}
		{6E2F6623-9D5F-4A6A-B6EB-E2BD5CC5A9D2} = {4260535C-53B1-4D90-8FC8-BF2A6EE315C5}
		{B8686937-472E-4D0F-ABD3-606734558358} = {4260535C-53B1-4D90-8FC8-BF2A6EE315C5}
		{AC13CC28-1A50-472F-BABB-20695A98C274} = {4260535C-53B1-4D90-8FC8-BF2A6EE315C5}
		{9768FF46-1509-4B32-9B23-5DB183D8A348} = {38B0B0B9-9F70-46FA-92ED-1837919A9304}
		{C842CFEC-4E0C-49FF-9239-92948A3139C9} = {14DC4F05-9203-438A-A13A-F28CBA4C217A}
		{FECE6484-83CE-45B3-B39D-52B7DA46E671} = {14DC4F05-9203-438A-A13A-F28CBA4C217A}
		{DC3BF474-B8C5-4317-8CF8-FC60DED0BF09} = {F19849EC-DBD1-4A53-B732-0DCA37D8680F}
		{BD1176A3-CDA1-465B-8B94-CB1A98D44697} = {F19849EC-DBD1-4A53-B732-0DCA37D8680F}
		{FF24A0E8-6676-4A7E-B64F-BC8C527B0937} = {F19849EC-DBD1-4A53-B732-0DCA37D8680F}
		{166BE350-1C0E-4D74-92D2-18E456460E94} = {DC3BF474-B8C5-4317-8CF8-FC60DED0BF09}
		{46760E59-4B39-49D7-B64D-48FC7A1CC016} = {DC3BF474-B8C5-4317-8CF8-FC60DED0BF09}
		{43FFCB87-9A8C-4493-A0EE-D2421C598E6A} = {ADD27191-9E1D-41CD-91C7-55AA236DE8B5}
		{E759D688-3E1D-4DF2-945B-DF6313A8A294} = {ADD27191-9E1D-41CD-91C7-55AA236DE8B5}
	EndGlobalSection
	GlobalSection(ExtensibilityGlobals) = postSolution
		VisualSVNWorkingCopyRoot = .
	EndGlobalSection
EndGlobal
